
Microsoft Visual Studio Solution File, Format Version 12.00
# Visual Studio Version 16
VisualStudioVersion = 16.0.31729.503
MinimumVisualStudioVersion = 10.0.40219.1
Project("{FAE04EC0-301F-11D3-BF4B-00C04F79EFBC}") = "MyNotepad", "MyNotepad.csproj", "{108C30EE-D428-483B-B14A-42C11785D54B}"
EndProject
Global
	GlobalSection(SolutionConfigurationPlatforms) = preSolution
		Debug|Any CPU = Debug|Any CPU
		Release|Any CPU = Release|Any CPU
	EndGlobalSection
	GlobalSection(ProjectConfigurationPlatforms) = postSolution
		{108C30EE-D428-483B-B14A-42C11785D54B}.Debug|Any CPU.ActiveCfg = Debug|Any CPU
		{108C30EE-D428-483B-B14A-42C11785D54B}.Debug|Any CPU.Build.0 = Debug|Any CPU
		{108C30EE-D428-483B-B14A-42C11785D54B}.Release|Any CPU.ActiveCfg = Release|Any CPU
		{108C30EE-D428-483B-B14A-42C11785D54B}.Release|Any CPU.Build.0 = Release|Any CPU
	EndGlobalSection
	GlobalSection(SolutionProperties) = preSolution
		HideSolutionNode = FALSE
	EndGlobalSection
	GlobalSection(ExtensibilityGlobals) = postSolution
		SolutionGuid = {23EDC902-8FD4-4EB0-8190-C2F6FCD48DA9}
	EndGlobalSection
EndGlobal
